
Microsoft Visual Studio Solution File, Format Version 12.00
# Visual Studio Version 17
VisualStudioVersion = 17.5.002.0
MinimumVisualStudioVersion = 10.0.40219.1
Project("{9A19103F-16F7-4668-BE54-9A1E7A4F7556}") = "google_drive_api", "google_drive_api.csproj", "{9ED87646-0D0F-4D70-8040-C03F9CD685C5}"
EndProject
Global
	GlobalSection(SolutionConfigurationPlatforms) = preSolution
		Debug|Any CPU = Debug|Any CPU
		Release|Any CPU = Release|Any CPU
	EndGlobalSection
	GlobalSection(ProjectConfigurationPlatforms) = postSolution
		{9ED87646-0D0F-4D70-8040-C03F9CD685C5}.Debug|Any CPU.ActiveCfg = Debug|Any CPU
		{9ED87646-0D0F-4D70-8040-C03F9CD685C5}.Debug|Any CPU.Build.0 = Debug|Any CPU
		{9ED87646-0D0F-4D70-8040-C03F9CD685C5}.Release|Any CPU.ActiveCfg = Release|Any CPU
		{9ED87646-0D0F-4D70-8040-C03F9CD685C5}.Release|Any CPU.Build.0 = Release|Any CPU
	EndGlobalSection
	GlobalSection(SolutionProperties) = preSolution
		HideSolutionNode = FALSE
	EndGlobalSection
	GlobalSection(ExtensibilityGlobals) = postSolution
		SolutionGuid = {1E5E45F5-4524-426C-9B53-EEB9959ED2DF}
	EndGlobalSection
EndGlobal
